// !$*UTF8*$!
{
	archiveVersion = 1;
	classes = {
	};
	objectVersion = 50;
	objects = {

/* Begin PBXBuildFile section */
		D27F5A89218503A800C471CE /* CreationViewController.swift in Sources */ = {isa = PBXBuildFile; fileRef = D27F5A88218503A800C471CE /* CreationViewController.swift */; };
		D2C1B6B921728ED700E6687A /* AppDelegate.swift in Sources */ = {isa = PBXBuildFile; fileRef = D2C1B6B821728ED700E6687A /* AppDelegate.swift */; };
		D2C1B6BB21728ED800E6687A /* ViewController.swift in Sources */ = {isa = PBXBuildFile; fileRef = D2C1B6BA21728ED800E6687A /* ViewController.swift */; };
		D2C1B6BE21728ED800E6687A /* Main.storyboard in Resources */ = {isa = PBXBuildFile; fileRef = D2C1B6BC21728ED800E6687A /* Main.storyboard */; };
		D2C1B6C021728ED900E6687A /* Assets.xcassets in Resources */ = {isa = PBXBuildFile; fileRef = D2C1B6BF21728ED900E6687A /* Assets.xcassets */; };
		D2C1B6C321728ED900E6687A /* LaunchScreen.storyboard in Resources */ = {isa = PBXBuildFile; fileRef = D2C1B6C121728ED900E6687A /* LaunchScreen.storyboard */; };
		D2C1B6CE21728EDA00E6687A /* FlashcardsTests.swift in Sources */ = {isa = PBXBuildFile; fileRef = D2C1B6CD21728EDA00E6687A /* FlashcardsTests.swift */; };
		D2C1B6D921728EDA00E6687A /* FlashcardsUITests.swift in Sources */ = {isa = PBXBuildFile; fileRef = D2C1B6D821728EDA00E6687A /* FlashcardsUITests.swift */; };
/* End PBXBuildFile section */

/* Begin PBXContainerItemProxy section */
		D2C1B6CA21728EDA00E6687A /* PBXContainerItemProxy */ = {
			isa = PBXContainerItemProxy;
			containerPortal = D2C1B6AD21728ED700E6687A /* Project object */;
			proxyType = 1;
			remoteGlobalIDString = D2C1B6B421728ED700E6687A;
			remoteInfo = Flashcards;
		};
		D2C1B6D521728EDA00E6687A /* PBXContainerItemProxy */ = {
			isa = PBXContainerItemProxy;
			containerPortal = D2C1B6AD21728ED700E6687A /* Project object */;
			proxyType = 1;
			remoteGlobalIDString = D2C1B6B421728ED700E6687A;
			remoteInfo = Flashcards;
		};
/* End PBXContainerItemProxy section */

/* Begin PBXFileReference section */
		D27F5A88218503A800C471CE /* CreationViewController.swift */ = {isa = PBXFileReference; lastKnownFileType = sourcecode.swift; path = CreationViewController.swift; sourceTree = "<group>"; };
		D2C1B6B521728ED700E6687A /* Flashcards.app */ = {isa = PBXFileReference; explicitFileType = wrapper.application; includeInIndex = 0; path = Flashcards.app; sourceTree = BUILT_PRODUCTS_DIR; };
		D2C1B6B821728ED700E6687A /* AppDelegate.swift */ = {isa = PBXFileReference; lastKnownFileType = sourcecode.swift; path = AppDelegate.swift; sourceTree = "<group>"; };
		D2C1B6BA21728ED800E6687A /* ViewController.swift */ = {isa = PBXFileReference; lastKnownFileType = sourcecode.swift; path = ViewController.swift; sourceTree = "<group>"; };
		D2C1B6BD21728ED800E6687A /* Base */ = {isa = PBXFileReference; lastKnownFileType = file.storyboard; name = Base; path = Base.lproj/Main.storyboard; sourceTree = "<group>"; };
		D2C1B6BF21728ED900E6687A /* Assets.xcassets */ = {isa = PBXFileReference; lastKnownFileType = folder.assetcatalog; path = Assets.xcassets; sourceTree = "<group>"; };
		D2C1B6C221728ED900E6687A /* Base */ = {isa = PBXFileReference; lastKnownFileType = file.storyboard; name = Base; path = Base.lproj/LaunchScreen.storyboard; sourceTree = "<group>"; };
		D2C1B6C421728ED900E6687A /* Info.plist */ = {isa = PBXFileReference; lastKnownFileType = text.plist.xml; path = Info.plist; sourceTree = "<group>"; };
		D2C1B6C921728EDA00E6687A /* FlashcardsTests.xctest */ = {isa = PBXFileReference; explicitFileType = wrapper.cfbundle; includeInIndex = 0; path = FlashcardsTests.xctest; sourceTree = BUILT_PRODUCTS_DIR; };
		D2C1B6CD21728EDA00E6687A /* FlashcardsTests.swift */ = {isa = PBXFileReference; lastKnownFileType = sourcecode.swift; path = FlashcardsTests.swift; sourceTree = "<group>"; };
		D2C1B6CF21728EDA00E6687A /* Info.plist */ = {isa = PBXFileReference; lastKnownFileType = text.plist.xml; path = Info.plist; sourceTree = "<group>"; };
		D2C1B6D421728EDA00E6687A /* FlashcardsUITests.xctest */ = {isa = PBXFileReference; explicitFileType = wrapper.cfbundle; includeInIndex = 0; path = FlashcardsUITests.xctest; sourceTree = BUILT_PRODUCTS_DIR; };
		D2C1B6D821728EDA00E6687A /* FlashcardsUITests.swift */ = {isa = PBXFileReference; lastKnownFileType = sourcecode.swift; path = FlashcardsUITests.swift; sourceTree = "<group>"; };
		D2C1B6DA21728EDA00E6687A /* Info.plist */ = {isa = PBXFileReference; lastKnownFileType = text.plist.xml; path = Info.plist; sourceTree = "<group>"; };
/* End PBXFileReference section */

/* Begin PBXFrameworksBuildPhase section */
		D2C1B6B221728ED700E6687A /* Frameworks */ = {
			isa = PBXFrameworksBuildPhase;
			buildActionMask = 2147483647;
			files = (
			);
			runOnlyForDeploymentPostprocessing = 0;
		};
		D2C1B6C621728EDA00E6687A /* Frameworks */ = {
			isa = PBXFrameworksBuildPhase;
			buildActionMask = 2147483647;
			files = (
			);
			runOnlyForDeploymentPostprocessing = 0;
		};
		D2C1B6D121728EDA00E6687A /* Frameworks */ = {
			isa = PBXFrameworksBuildPhase;
			buildActionMask = 2147483647;
			files = (
			);
			runOnlyForDeploymentPostprocessing = 0;
		};
/* End PBXFrameworksBuildPhase section */

/* Begin PBXGroup section */
		D2C1B6AC21728ED700E6687A = {
			isa = PBXGroup;
			children = (
				D2C1B6B721728ED700E6687A /* Flashcards */,
				D2C1B6CC21728EDA00E6687A /* FlashcardsTests */,
				D2C1B6D721728EDA00E6687A /* FlashcardsUITests */,
				D2C1B6B621728ED700E6687A /* Products */,
			);
			sourceTree = "<group>";
		};
		D2C1B6B621728ED700E6687A /* Products */ = {
			isa = PBXGroup;
			children = (
				D2C1B6B521728ED700E6687A /* Flashcards.app */,
				D2C1B6C921728EDA00E6687A /* FlashcardsTests.xctest */,
				D2C1B6D421728EDA00E6687A /* FlashcardsUITests.xctest */,
			);
			name = Products;
			sourceTree = "<group>";
		};
		D2C1B6B721728ED700E6687A /* Flashcards */ = {
			isa = PBXGroup;
			children = (
				D2C1B6B821728ED700E6687A /* AppDelegate.swift */,
				D2C1B6BA21728ED800E6687A /* ViewController.swift */,
				D2C1B6BC21728ED800E6687A /* Main.storyboard */,
				D27F5A88218503A800C471CE /* CreationViewController.swift */,
				D2C1B6BF21728ED900E6687A /* Assets.xcassets */,
				D2C1B6C121728ED900E6687A /* LaunchScreen.storyboard */,
				D2C1B6C421728ED900E6687A /* Info.plist */,
			);
			path = Flashcards;
			sourceTree = "<group>";
		};
		D2C1B6CC21728EDA00E6687A /* FlashcardsTests */ = {
			isa = PBXGroup;
			children = (
				D2C1B6CD21728EDA00E6687A /* FlashcardsTests.swift */,
				D2C1B6CF21728EDA00E6687A /* Info.plist */,
			);
			path = FlashcardsTests;
			sourceTree = "<group>";
		};
		D2C1B6D721728EDA00E6687A /* FlashcardsUITests */ = {
			isa = PBXGroup;
			children = (
				D2C1B6D821728EDA00E6687A /* FlashcardsUITests.swift */,
				D2C1B6DA21728EDA00E6687A /* Info.plist */,
			);
			path = FlashcardsUITests;
			sourceTree = "<group>";
		};
/* End PBXGroup section */

/* Begin PBXNativeTarget section */
		D2C1B6B421728ED700E6687A /* Flashcards */ = {
			isa = PBXNativeTarget;
			buildConfigurationList = D2C1B6DD21728EDA00E6687A /* Build configuration list for PBXNativeTarget "Flashcards" */;
			buildPhases = (
				D2C1B6B121728ED700E6687A /* Sources */,
				D2C1B6B221728ED700E6687A /* Frameworks */,
				D2C1B6B321728ED700E6687A /* Resources */,
			);
			buildRules = (
			);
			dependencies = (
			);
			name = Flashcards;
			productName = Flashcards;
			productReference = D2C1B6B521728ED700E6687A /* Flashcards.app */;
			productType = "com.apple.product-type.application";
		};
		D2C1B6C821728EDA00E6687A /* FlashcardsTests */ = {
			isa = PBXNativeTarget;
			buildConfigurationList = D2C1B6E021728EDA00E6687A /* Build configuration list for PBXNativeTarget "FlashcardsTests" */;
			buildPhases = (
				D2C1B6C521728EDA00E6687A /* Sources */,
				D2C1B6C621728EDA00E6687A /* Frameworks */,
				D2C1B6C721728EDA00E6687A /* Resources */,
			);
			buildRules = (
			);
			dependencies = (
				D2C1B6CB21728EDA00E6687A /* PBXTargetDependency */,
			);
			name = FlashcardsTests;
			productName = FlashcardsTests;
			productReference = D2C1B6C921728EDA00E6687A /* FlashcardsTests.xctest */;
			productType = "com.apple.product-type.bundle.unit-test";
		};
		D2C1B6D321728EDA00E6687A /* FlashcardsUITests */ = {
			isa = PBXNativeTarget;
			buildConfigurationList = D2C1B6E321728EDA00E6687A /* Build configuration list for PBXNativeTarget "FlashcardsUITests" */;
			buildPhases = (
				D2C1B6D021728EDA00E6687A /* Sources */,
				D2C1B6D121728EDA00E6687A /* Frameworks */,
				D2C1B6D221728EDA00E6687A /* Resources */,
			);
			buildRules = (
			);
			dependencies = (
				D2C1B6D621728EDA00E6687A /* PBXTargetDependency */,
			);
			name = FlashcardsUITests;
			productName = FlashcardsUITests;
			productReference = D2C1B6D421728EDA00E6687A /* FlashcardsUITests.xctest */;
			productType = "com.apple.product-type.bundle.ui-testing";
		};
/* End PBXNativeTarget section */

/* Begin PBXProject section */
		D2C1B6AD21728ED700E6687A /* Project object */ = {
			isa = PBXProject;
			attributes = {
				LastSwiftUpdateCheck = 1000;
				LastUpgradeCheck = 1000;
				ORGANIZATIONNAME = "Alice Phan";
				TargetAttributes = {
					D2C1B6B421728ED700E6687A = {
						CreatedOnToolsVersion = 10.0;
					};
					D2C1B6C821728EDA00E6687A = {
						CreatedOnToolsVersion = 10.0;
						TestTargetID = D2C1B6B421728ED700E6687A;
					};
					D2C1B6D321728EDA00E6687A = {
						CreatedOnToolsVersion = 10.0;
						TestTargetID = D2C1B6B421728ED700E6687A;
					};
				};
			};
			buildConfigurationList = D2C1B6B021728ED700E6687A /* Build configuration list for PBXProject "Flashcards" */;
			compatibilityVersion = "Xcode 9.3";
			developmentRegion = en;
			hasScannedForEncodings = 0;
			knownRegions = (
				en,
				Base,
			);
			mainGroup = D2C1B6AC21728ED700E6687A;
			productRefGroup = D2C1B6B621728ED700E6687A /* Products */;
			projectDirPath = "";
			projectRoot = "";
			targets = (
				D2C1B6B421728ED700E6687A /* Flashcards */,
				D2C1B6C821728EDA00E6687A /* FlashcardsTests */,
				D2C1B6D321728EDA00E6687A /* FlashcardsUITests */,
			);
		};
/* End PBXProject section */

/* Begin PBXResourcesBuildPhase section */
		D2C1B6B321728ED700E6687A /* Resources */ = {
			isa = PBXResourcesBuildPhase;
			buildActionMask = 2147483647;
			files = (
				D2C1B6C321728ED900E6687A /* LaunchScreen.storyboard in Resources */,
				D2C1B6C021728ED900E6687A /* Assets.xcassets in Resources */,
				D2C1B6BE21728ED800E6687A /* Main.storyboard in Resources */,
			);
			runOnlyForDeploymentPostprocessing = 0;
		};
		D2C1B6C721728EDA00E6687A /* Resources */ = {
			isa = PBXResourcesBuildPhase;
			buildActionMask = 2147483647;
			files = (
			);
			runOnlyForDeploymentPostprocessing = 0;
		};
		D2C1B6D221728EDA00E6687A /* Resources */ = {
			isa = PBXResourcesBuildPhase;
			buildActionMask = 2147483647;
			files = (
			);
			runOnlyForDeploymentPostprocessing = 0;
		};
/* End PBXResourcesBuildPhase section */

/* Begin PBXSourcesBuildPhase section */
		D2C1B6B121728ED700E6687A /* Sources */ = {
			isa = PBXSourcesBuildPhase;
			buildActionMask = 2147483647;
			files = (
				D2C1B6BB21728ED800E6687A /* ViewController.swift in Sources */,
				D2C1B6B921728ED700E6687A /* AppDelegate.swift in Sources */,
				D27F5A89218503A800C471CE /* CreationViewController.swift in Sources */,
			);
			runOnlyForDeploymentPostprocessing = 0;
		};
		D2C1B6C521728EDA00E6687A /* Sources */ = {
			isa = PBXSourcesBuildPhase;
			buildActionMask = 2147483647;
			files = (
				D2C1B6CE21728EDA00E6687A /* FlashcardsTests.swift in Sources */,
			);
			runOnlyForDeploymentPostprocessing = 0;
		};
		D2C1B6D021728EDA00E6687A /* Sources */ = {
			isa = PBXSourcesBuildPhase;
			buildActionMask = 2147483647;
			files = (
				D2C1B6D921728EDA00E6687A /* FlashcardsUITests.swift in Sources */,
			);
			runOnlyForDeploymentPostprocessing = 0;
		};
/* End PBXSourcesBuildPhase section */

/* Begin PBXTargetDependency section */
		D2C1B6CB21728EDA00E6687A /* PBXTargetDependency */ = {
			isa = PBXTargetDependency;
			target = D2C1B6B421728ED700E6687A /* Flashcards */;
			targetProxy = D2C1B6CA21728EDA00E6687A /* PBXContainerItemProxy */;
		};
		D2C1B6D621728EDA00E6687A /* PBXTargetDependency */ = {
			isa = PBXTargetDependency;
			target = D2C1B6B421728ED700E6687A /* Flashcards */;
			targetProxy = D2C1B6D521728EDA00E6687A /* PBXContainerItemProxy */;
		};
/* End PBXTargetDependency section */

/* Begin PBXVariantGroup section */
		D2C1B6BC21728ED800E6687A /* Main.storyboard */ = {
			isa = PBXVariantGroup;
			children = (
				D2C1B6BD21728ED800E6687A /* Base */,
			);
			name = Main.storyboard;
			sourceTree = "<group>";
		};
		D2C1B6C121728ED900E6687A /* LaunchScreen.storyboard */ = {
			isa = PBXVariantGroup;
			children = (
				D2C1B6C221728ED900E6687A /* Base */,
			);
			name = LaunchScreen.storyboard;
			sourceTree = "<group>";
		};
/* End PBXVariantGroup section */

/* Begin XCBuildConfiguration section */
		D2C1B6DB21728EDA00E6687A /* Debug */ = {
			isa = XCBuildConfiguration;
			buildSettings = {
				ALWAYS_SEARCH_USER_PATHS = NO;
				CLANG_ANALYZER_NONNULL = YES;
				CLANG_ANALYZER_NUMBER_OBJECT_CONVERSION = YES_AGGRESSIVE;
				CLANG_CXX_LANGUAGE_STANDARD = "gnu++14";
				CLANG_CXX_LIBRARY = "libc++";
				CLANG_ENABLE_MODULES = YES;
				CLANG_ENABLE_OBJC_ARC = YES;
				CLANG_ENABLE_OBJC_WEAK = YES;
				CLANG_WARN_BLOCK_CAPTURE_AUTORELEASING = YES;
				CLANG_WARN_BOOL_CONVERSION = YES;
				CLANG_WARN_COMMA = YES;
				CLANG_WARN_CONSTANT_CONVERSION = YES;
				CLANG_WARN_DEPRECATED_OBJC_IMPLEMENTATIONS = YES;
				CLANG_WARN_DIRECT_OBJC_ISA_USAGE = YES_ERROR;
				CLANG_WARN_DOCUMENTATION_COMMENTS = YES;
				CLANG_WARN_EMPTY_BODY = YES;
				CLANG_WARN_ENUM_CONVERSION = YES;
				CLANG_WARN_INFINITE_RECURSION = YES;
				CLANG_WARN_INT_CONVERSION = YES;
				CLANG_WARN_NON_LITERAL_NULL_CONVERSION = YES;
				CLANG_WARN_OBJC_IMPLICIT_RETAIN_SELF = YES;
				CLANG_WARN_OBJC_LITERAL_CONVERSION = YES;
				CLANG_WARN_OBJC_ROOT_CLASS = YES_ERROR;
				CLANG_WARN_RANGE_LOOP_ANALYSIS = YES;
				CLANG_WARN_STRICT_PROTOTYPES = YES;
				CLANG_WARN_SUSPICIOUS_MOVE = YES;
				CLANG_WARN_UNGUARDED_AVAILABILITY = YES_AGGRESSIVE;
				CLANG_WARN_UNREACHABLE_CODE = YES;
				CLANG_WARN__DUPLICATE_METHOD_MATCH = YES;
				CODE_SIGN_IDENTITY = "iPhone Developer";
				COPY_PHASE_STRIP = NO;
				DEBUG_INFORMATION_FORMAT = dwarf;
				ENABLE_STRICT_OBJC_MSGSEND = YES;
				ENABLE_TESTABILITY = YES;
				GCC_C_LANGUAGE_STANDARD = gnu11;
				GCC_DYNAMIC_NO_PIC = NO;
				GCC_NO_COMMON_BLOCKS = YES;
				GCC_OPTIMIZATION_LEVEL = 0;
				GCC_PREPROCESSOR_DEFINITIONS = (
					"DEBUG=1",
					"$(inherited)",
				);
				GCC_WARN_64_TO_32_BIT_CONVERSION = YES;
				GCC_WARN_ABOUT_RETURN_TYPE = YES_ERROR;
				GCC_WARN_UNDECLARED_SELECTOR = YES;
				GCC_WARN_UNINITIALIZED_AUTOS = YES_AGGRESSIVE;
				GCC_WARN_UNUSED_FUNCTION = YES;
				GCC_WARN_UNUSED_VARIABLE = YES;
				IPHONEOS_DEPLOYMENT_TARGET = 12.0;
				MTL_ENABLE_DEBUG_INFO = INCLUDE_SOURCE;
				MTL_FAST_MATH = YES;
				ONLY_ACTIVE_ARCH = YES;
				SDKROOT = iphoneos;
				SWIFT_ACTIVE_COMPILATION_CONDITIONS = DEBUG;
				SWIFT_OPTIMIZATION_LEVEL = "-Onone";
			};
			name = Debug;
		};
		D2C1B6DC21728EDA00E6687A /* Release */ = {
			isa = XCBuildConfiguration;
			buildSettings = {
				ALWAYS_SEARCH_USER_PATHS = NO;
				CLANG_ANALYZER_NONNULL = YES;
				CLANG_ANALYZER_NUMBER_OBJECT_CONVERSION = YES_AGGRESSIVE;
				CLANG_CXX_LANGUAGE_STANDARD = "gnu++14";
				CLANG_CXX_LIBRARY = "libc++";
				CLANG_ENABLE_MODULES = YES;
				CLANG_ENABLE_OBJC_ARC = YES;
				CLANG_ENABLE_OBJC_WEAK = YES;
				CLANG_WARN_BLOCK_CAPTURE_AUTORELEASING = YES;
				CLANG_WARN_BOOL_CONVERSION = YES;
				CLANG_WARN_COMMA = YES;
				CLANG_WARN_CONSTANT_CONVERSION = YES;
				CLANG_WARN_DEPRECATED_OBJC_IMPLEMENTATIONS = YES;
				CLANG_WARN_DIRECT_OBJC_ISA_USAGE = YES_ERROR;
				CLANG_WARN_DOCUMENTATION_COMMENTS = YES;
				CLANG_WARN_EMPTY_BODY = YES;
				CLANG_WARN_ENUM_CONVERSION = YES;
				CLANG_WARN_INFINITE_RECURSION = YES;
				CLANG_WARN_INT_CONVERSION = YES;
				CLANG_WARN_NON_LITERAL_NULL_CONVERSION = YES;
				CLANG_WARN_OBJC_IMPLICIT_RETAIN_SELF = YES;
				CLANG_WARN_OBJC_LITERAL_CONVERSION = YES;
				CLANG_WARN_OBJC_ROOT_CLASS = YES_ERROR;
				CLANG_WARN_RANGE_LOOP_ANALYSIS = YES;
				CLANG_WARN_STRICT_PROTOTYPES = YES;
				CLANG_WARN_SUSPICIOUS_MOVE = YES;
				CLANG_WARN_UNGUARDED_AVAILABILITY = YES_AGGRESSIVE;
				CLANG_WARN_UNREACHABLE_CODE = YES;
				CLANG_WARN__DUPLICATE_METHOD_MATCH = YES;
				CODE_SIGN_IDENTITY = "iPhone Developer";
				COPY_PHASE_STRIP = NO;
				DEBUG_INFORMATION_FORMAT = "dwarf-with-dsym";
				ENABLE_NS_ASSERTIONS = NO;
				ENABLE_STRICT_OBJC_MSGSEND = YES;
				GCC_C_LANGUAGE_STANDARD = gnu11;
				GCC_NO_COMMON_BLOCKS = YES;
				GCC_WARN_64_TO_32_BIT_CONVERSION = YES;
				GCC_WARN_ABOUT_RETURN_TYPE = YES_ERROR;
				GCC_WARN_UNDECLARED_SELECTOR = YES;
				GCC_WARN_UNINITIALIZED_AUTOS = YES_AGGRESSIVE;
				GCC_WARN_UNUSED_FUNCTION = YES;
				GCC_WARN_UNUSED_VARIABLE = YES;
				IPHONEOS_DEPLOYMENT_TARGET = 12.0;
				MTL_ENABLE_DEBUG_INFO = NO;
				MTL_FAST_MATH = YES;
				SDKROOT = iphoneos;
				SWIFT_COMPILATION_MODE = wholemodule;
				SWIFT_OPTIMIZATION_LEVEL = "-O";
				VALIDATE_PRODUCT = YES;
			};
			name = Release;
		};
		D2C1B6DE21728EDA00E6687A /* Debug */ = {
			isa = XCBuildConfiguration;
			buildSettings = {
				ASSETCATALOG_COMPILER_APPICON_NAME = AppIcon;
				CODE_SIGN_STYLE = Automatic;
				INFOPLIST_FILE = Flashcards/Info.plist;
				LD_RUNPATH_SEARCH_PATHS = (
					"$(inherited)",
					"@executable_path/Frameworks",
				);
				PRODUCT_BUNDLE_IDENTIFIER = com.alicephan.Flashcards;
				PRODUCT_NAME = "$(TARGET_NAME)";
				SWIFT_VERSION = 4.2;
				TARGETED_DEVICE_FAMILY = "1,2";
			};
			name = Debug;
		};
		D2C1B6DF21728EDA00E6687A /* Release */ = {
			isa = XCBuildConfiguration;
			buildSettings = {
				ASSETCATALOG_COMPILER_APPICON_NAME = AppIcon;
				CODE_SIGN_STYLE = Automatic;
				INFOPLIST_FILE = Flashcards/Info.plist;
				LD_RUNPATH_SEARCH_PATHS = (
					"$(inherited)",
					"@executable_path/Frameworks",
				);
				PRODUCT_BUNDLE_IDENTIFIER = com.alicephan.Flashcards;
				PRODUCT_NAME = "$(TARGET_NAME)";
				SWIFT_VERSION = 4.2;
				TARGETED_DEVICE_FAMILY = "1,2";
			};
			name = Release;
		};
		D2C1B6E121728EDA00E6687A /* Debug */ = {
			isa = XCBuildConfiguration;
			buildSettings = {
				ALWAYS_EMBED_SWIFT_STANDARD_LIBRARIES = YES;
				BUNDLE_LOADER = "$(TEST_HOST)";
				CODE_SIGN_STYLE = Automatic;
				INFOPLIST_FILE = FlashcardsTests/Info.plist;
				LD_RUNPATH_SEARCH_PATHS = (
					"$(inherited)",
					"@executable_path/Frameworks",
					"@loader_path/Frameworks",
				);
				PRODUCT_BUNDLE_IDENTIFIER = com.alicephan.FlashcardsTests;
				PRODUCT_NAME = "$(TARGET_NAME)";
				SWIFT_VERSION = 4.2;
				TARGETED_DEVICE_FAMILY = "1,2";
				TEST_HOST = "$(BUILT_PRODUCTS_DIR)/Flashcards.app/Flashcards";
			};
			name = Debug;
		};
		D2C1B6E221728EDA00E6687A /* Release */ = {
			isa = XCBuildConfiguration;
			buildSettings = {
				ALWAYS_EMBED_SWIFT_STANDARD_LIBRARIES = YES;
				BUNDLE_LOADER = "$(TEST_HOST)";
				CODE_SIGN_STYLE = Automatic;
				INFOPLIST_FILE = FlashcardsTests/Info.plist;
				LD_RUNPATH_SEARCH_PATHS = (
					"$(inherited)",
					"@executable_path/Frameworks",
					"@loader_path/Frameworks",
				);
				PRODUCT_BUNDLE_IDENTIFIER = com.alicephan.FlashcardsTests;
				PRODUCT_NAME = "$(TARGET_NAME)";
				SWIFT_VERSION = 4.2;
				TARGETED_DEVICE_FAMILY = "1,2";
				TEST_HOST = "$(BUILT_PRODUCTS_DIR)/Flashcards.app/Flashcards";
			};
			name = Release;
		};
		D2C1B6E421728EDA00E6687A /* Debug */ = {
			isa = XCBuildConfiguration;
			buildSettings = {
				ALWAYS_EMBED_SWIFT_STANDARD_LIBRARIES = YES;
				CODE_SIGN_STYLE = Automatic;
				INFOPLIST_FILE = FlashcardsUITests/Info.plist;
				LD_RUNPATH_SEARCH_PATHS = (
					"$(inherited)",
					"@executable_path/Frameworks",
					"@loader_path/Frameworks",
				);
				PRODUCT_BUNDLE_IDENTIFIER = com.alicephan.FlashcardsUITests;
				PRODUCT_NAME = "$(TARGET_NAME)";
				SWIFT_VERSION = 4.2;
				TARGETED_DEVICE_FAMILY = "1,2";
				TEST_TARGET_NAME = Flashcards;
			};
			name = Debug;
		};
		D2C1B6E521728EDA00E6687A /* Release */ = {
			isa = XCBuildConfiguration;
			buildSettings = {
				ALWAYS_EMBED_SWIFT_STANDARD_LIBRARIES = YES;
				CODE_SIGN_STYLE = Automatic;
				INFOPLIST_FILE = FlashcardsUITests/Info.plist;
				LD_RUNPATH_SEARCH_PATHS = (
					"$(inherited)",
					"@executable_path/Frameworks",
					"@loader_path/Frameworks",
				);
				PRODUCT_BUNDLE_IDENTIFIER = com.alicephan.FlashcardsUITests;
				PRODUCT_NAME = "$(TARGET_NAME)";
				SWIFT_VERSION = 4.2;
				TARGETED_DEVICE_FAMILY = "1,2";
				TEST_TARGET_NAME = Flashcards;
			};
			name = Release;
		};
/* End XCBuildConfiguration section */

/* Begin XCConfigurationList section */
		D2C1B6B021728ED700E6687A /* Build configuration list for PBXProject "Flashcards" */ = {
			isa = XCConfigurationList;
			buildConfigurations = (
				D2C1B6DB21728EDA00E6687A /* Debug */,
				D2C1B6DC21728EDA00E6687A /* Release */,
			);
			defaultConfigurationIsVisible = 0;
			defaultConfigurationName = Release;
		};
		D2C1B6DD21728EDA00E6687A /* Build configuration list for PBXNativeTarget "Flashcards" */ = {
			isa = XCConfigurationList;
			buildConfigurations = (
				D2C1B6DE21728EDA00E6687A /* Debug */,
				D2C1B6DF21728EDA00E6687A /* Release */,
			);
			defaultConfigurationIsVisible = 0;
			defaultConfigurationName = Release;
		};
		D2C1B6E021728EDA00E6687A /* Build configuration list for PBXNativeTarget "FlashcardsTests" */ = {
			isa = XCConfigurationList;
			buildConfigurations = (
				D2C1B6E121728EDA00E6687A /* Debug */,
				D2C1B6E221728EDA00E6687A /* Release */,
			);
			defaultConfigurationIsVisible = 0;
			defaultConfigurationName = Release;
		};
		D2C1B6E321728EDA00E6687A /* Build configuration list for PBXNativeTarget "FlashcardsUITests" */ = {
			isa = XCConfigurationList;
			buildConfigurations = (
				D2C1B6E421728EDA00E6687A /* Debug */,
				D2C1B6E521728EDA00E6687A /* Release */,
			);
			defaultConfigurationIsVisible = 0;
			defaultConfigurationName = Release;
		};
/* End XCConfigurationList section */
	};
	rootObject = D2C1B6AD21728ED700E6687A /* Project object */;
}
